// !$*UTF8*$!
{
	archiveVersion = 1;
	classes = {
	};
	objectVersion = 46;
	objects = {

/* Begin PBXBuildFile section */
		E02622F11BC7059700F51766 /* main.m in Sources */ = {isa = PBXBuildFile; fileRef = E02622F01BC7059700F51766 /* main.m */; };
		E02622F41BC7059700F51766 /* AppDelegate.m in Sources */ = {isa = PBXBuildFile; fileRef = E02622F31BC7059700F51766 /* AppDelegate.m */; };
		E02622F71BC7059700F51766 /* ViewController.m in Sources */ = {isa = PBXBuildFile; fileRef = E02622F61BC7059700F51766 /* ViewController.m */; };
		E02622FA1BC7059700F51766 /* Main.storyboard in Resources */ = {isa = PBXBuildFile; fileRef = E02622F81BC7059700F51766 /* Main.storyboard */; };
		E02622FC1BC7059700F51766 /* Assets.xcassets in Resources */ = {isa = PBXBuildFile; fileRef = E02622FB1BC7059700F51766 /* Assets.xcassets */; };
		E02622FF1BC7059700F51766 /* LaunchScreen.storyboard in Resources */ = {isa = PBXBuildFile; fileRef = E02622FD1BC7059700F51766 /* LaunchScreen.storyboard */; };
		E02623081BC7111800F51766 /* DieLabel.m in Sources */ = {isa = PBXBuildFile; fileRef = E02623071BC7111800F51766 /* DieLabel.m */; settings = {ASSET_TAGS = (); }; };
/* End PBXBuildFile section */

/* Begin PBXFileReference section */
		E02622EC1BC7059700F51766 /* Farkle.app */ = {isa = PBXFileReference; explicitFileType = wrapper.application; includeInIndex = 0; path = Farkle.app; sourceTree = BUILT_PRODUCTS_DIR; };
		E02622F01BC7059700F51766 /* main.m */ = {isa = PBXFileReference; lastKnownFileType = sourcecode.c.objc; path = main.m; sourceTree = "<group>"; };
		E02622F21BC7059700F51766 /* AppDelegate.h */ = {isa = PBXFileReference; lastKnownFileType = sourcecode.c.h; path = AppDelegate.h; sourceTree = "<group>"; };
		E02622F31BC7059700F51766 /* AppDelegate.m */ = {isa = PBXFileReference; lastKnownFileType = sourcecode.c.objc; path = AppDelegate.m; sourceTree = "<group>"; };
		E02622F51BC7059700F51766 /* ViewController.h */ = {isa = PBXFileReference; lastKnownFileType = sourcecode.c.h; path = ViewController.h; sourceTree = "<group>"; };
		E02622F61BC7059700F51766 /* ViewController.m */ = {isa = PBXFileReference; lastKnownFileType = sourcecode.c.objc; path = ViewController.m; sourceTree = "<group>"; };
		E02622F91BC7059700F51766 /* Base */ = {isa = PBXFileReference; lastKnownFileType = file.storyboard; name = Base; path = Base.lproj/Main.storyboard; sourceTree = "<group>"; };
		E02622FB1BC7059700F51766 /* Assets.xcassets */ = {isa = PBXFileReference; lastKnownFileType = folder.assetcatalog; path = Assets.xcassets; sourceTree = "<group>"; };
		E02622FE1BC7059700F51766 /* Base */ = {isa = PBXFileReference; lastKnownFileType = file.storyboard; name = Base; path = Base.lproj/LaunchScreen.storyboard; sourceTree = "<group>"; };
		E02623001BC7059700F51766 /* Info.plist */ = {isa = PBXFileReference; lastKnownFileType = text.plist.xml; path = Info.plist; sourceTree = "<group>"; };
		E02623061BC7111800F51766 /* DieLabel.h */ = {isa = PBXFileReference; fileEncoding = 4; lastKnownFileType = sourcecode.c.h; path = DieLabel.h; sourceTree = "<group>"; };
		E02623071BC7111800F51766 /* DieLabel.m */ = {isa = PBXFileReference; fileEncoding = 4; lastKnownFileType = sourcecode.c.objc; path = DieLabel.m; sourceTree = "<group>"; };
/* End PBXFileReference section */

/* Begin PBXFrameworksBuildPhase section */
		E02622E91BC7059700F51766 /* Frameworks */ = {
			isa = PBXFrameworksBuildPhase;
			buildActionMask = 2147483647;
			files = (
			);
			runOnlyForDeploymentPostprocessing = 0;
		};
/* End PBXFrameworksBuildPhase section */

/* Begin PBXGroup section */
		E02622E31BC7059700F51766 = {
			isa = PBXGroup;
			children = (
				E02622EE1BC7059700F51766 /* Farkle */,
				E02622ED1BC7059700F51766 /* Products */,
			);
			sourceTree = "<group>";
		};
		E02622ED1BC7059700F51766 /* Products */ = {
			isa = PBXGroup;
			children = (
				E02622EC1BC7059700F51766 /* Farkle.app */,
			);
			name = Products;
			sourceTree = "<group>";
		};
		E02622EE1BC7059700F51766 /* Farkle */ = {
			isa = PBXGroup;
			children = (
				E02622F21BC7059700F51766 /* AppDelegate.h */,
				E02622F31BC7059700F51766 /* AppDelegate.m */,
				E02622F51BC7059700F51766 /* ViewController.h */,
				E02622F61BC7059700F51766 /* ViewController.m */,
				E02622F81BC7059700F51766 /* Main.storyboard */,
				E02623061BC7111800F51766 /* DieLabel.h */,
				E02623071BC7111800F51766 /* DieLabel.m */,
				E02622FB1BC7059700F51766 /* Assets.xcassets */,
				E02622FD1BC7059700F51766 /* LaunchScreen.storyboard */,
				E02623001BC7059700F51766 /* Info.plist */,
				E02622EF1BC7059700F51766 /* Supporting Files */,
			);
			path = Farkle;
			sourceTree = "<group>";
		};
		E02622EF1BC7059700F51766 /* Supporting Files */ = {
			isa = PBXGroup;
			children = (
				E02622F01BC7059700F51766 /* main.m */,
			);
			name = "Supporting Files";
			sourceTree = "<group>";
		};
/* End PBXGroup section */

/* Begin PBXNativeTarget section */
		E02622EB1BC7059700F51766 /* Farkle */ = {
			isa = PBXNativeTarget;
			buildConfigurationList = E02623031BC7059700F51766 /* Build configuration list for PBXNativeTarget "Farkle" */;
			buildPhases = (
				E02622E81BC7059700F51766 /* Sources */,
				E02622E91BC7059700F51766 /* Frameworks */,
				E02622EA1BC7059700F51766 /* Resources */,
			);
			buildRules = (
			);
			dependencies = (
			);
			name = Farkle;
			productName = Farkle;
			productReference = E02622EC1BC7059700F51766 /* Farkle.app */;
			productType = "com.apple.product-type.application";
		};
/* End PBXNativeTarget section */

/* Begin PBXProject section */
		E02622E41BC7059700F51766 /* Project object */ = {
			isa = PBXProject;
			attributes = {
				LastUpgradeCheck = 0700;
				ORGANIZATIONNAME = RunDMC;
				TargetAttributes = {
					E02622EB1BC7059700F51766 = {
						CreatedOnToolsVersion = 7.0.1;
					};
				};
			};
			buildConfigurationList = E02622E71BC7059700F51766 /* Build configuration list for PBXProject "Farkle" */;
			compatibilityVersion = "Xcode 3.2";
			developmentRegion = English;
			hasScannedForEncodings = 0;
			knownRegions = (
				en,
				Base,
			);
			mainGroup = E02622E31BC7059700F51766;
			productRefGroup = E02622ED1BC7059700F51766 /* Products */;
			projectDirPath = "";
			projectRoot = "";
			targets = (
				E02622EB1BC7059700F51766 /* Farkle */,
			);
		};
/* End PBXProject section */

/* Begin PBXResourcesBuildPhase section */
		E02622EA1BC7059700F51766 /* Resources */ = {
			isa = PBXResourcesBuildPhase;
			buildActionMask = 2147483647;
			files = (
				E02622FF1BC7059700F51766 /* LaunchScreen.storyboard in Resources */,
				E02622FC1BC7059700F51766 /* Assets.xcassets in Resources */,
				E02622FA1BC7059700F51766 /* Main.storyboard in Resources */,
			);
			runOnlyForDeploymentPostprocessing = 0;
		};
/* End PBXResourcesBuildPhase section */

/* Begin PBXSourcesBuildPhase section */
		E02622E81BC7059700F51766 /* Sources */ = {
			isa = PBXSourcesBuildPhase;
			buildActionMask = 2147483647;
			files = (
				E02622F71BC7059700F51766 /* ViewController.m in Sources */,
				E02622F41BC7059700F51766 /* AppDelegate.m in Sources */,
				E02622F11BC7059700F51766 /* main.m in Sources */,
				E02623081BC7111800F51766 /* DieLabel.m in Sources */,
			);
			runOnlyForDeploymentPostprocessing = 0;
		};
/* End PBXSourcesBuildPhase section */

/* Begin PBXVariantGroup section */
		E02622F81BC7059700F51766 /* Main.storyboard */ = {
			isa = PBXVariantGroup;
			children = (
				E02622F91BC7059700F51766 /* Base */,
			);
			name = Main.storyboard;
			sourceTree = "<group>";
		};
		E02622FD1BC7059700F51766 /* LaunchScreen.storyboard */ = {
			isa = PBXVariantGroup;
			children = (
				E02622FE1BC7059700F51766 /* Base */,
			);
			name = LaunchScreen.storyboard;
			sourceTree = "<group>";
		};
/* End PBXVariantGroup section */

/* Begin XCBuildConfiguration section */
		E02623011BC7059700F51766 /* Debug */ = {
			isa = XCBuildConfiguration;
			buildSettings = {
				ALWAYS_SEARCH_USER_PATHS = NO;
				CLANG_CXX_LANGUAGE_STANDARD = "gnu++0x";
				CLANG_CXX_LIBRARY = "libc++";
				CLANG_ENABLE_MODULES = YES;
				CLANG_ENABLE_OBJC_ARC = YES;
				CLANG_WARN_BOOL_CONVERSION = YES;
				CLANG_WARN_CONSTANT_CONVERSION = YES;
				CLANG_WARN_DIRECT_OBJC_ISA_USAGE = YES_ERROR;
				CLANG_WARN_EMPTY_BODY = YES;
				CLANG_WARN_ENUM_CONVERSION = YES;
				CLANG_WARN_INT_CONVERSION = YES;
				CLANG_WARN_OBJC_ROOT_CLASS = YES_ERROR;
				CLANG_WARN_UNREACHABLE_CODE = YES;
				CLANG_WARN__DUPLICATE_METHOD_MATCH = YES;
				"CODE_SIGN_IDENTITY[sdk=iphoneos*]" = "iPhone Developer";
				COPY_PHASE_STRIP = NO;
				DEBUG_INFORMATION_FORMAT = dwarf;
				ENABLE_STRICT_OBJC_MSGSEND = YES;
				ENABLE_TESTABILITY = YES;
				GCC_C_LANGUAGE_STANDARD = gnu99;
				GCC_DYNAMIC_NO_PIC = NO;
				GCC_NO_COMMON_BLOCKS = YES;
				GCC_OPTIMIZATION_LEVEL = 0;
				GCC_PREPROCESSOR_DEFINITIONS = (
					"DEBUG=1",
					"$(inherited)",
				);
				GCC_WARN_64_TO_32_BIT_CONVERSION = YES;
				GCC_WARN_ABOUT_RETURN_TYPE = YES_ERROR;
				GCC_WARN_UNDECLARED_SELECTOR = YES;
				GCC_WARN_UNINITIALIZED_AUTOS = YES_AGGRESSIVE;
				GCC_WARN_UNUSED_FUNCTION = YES;
				GCC_WARN_UNUSED_VARIABLE = YES;
				IPHONEOS_DEPLOYMENT_TARGET = 9.0;
				MTL_ENABLE_DEBUG_INFO = YES;
				ONLY_ACTIVE_ARCH = YES;
				SDKROOT = iphoneos;
			};
			name = Debug;
		};
		E02623021BC7059700F51766 /* Release */ = {
			isa = XCBuildConfiguration;
			buildSettings = {
				ALWAYS_SEARCH_USER_PATHS = NO;
				CLANG_CXX_LANGUAGE_STANDARD = "gnu++0x";
				CLANG_CXX_LIBRARY = "libc++";
				CLANG_ENABLE_MODULES = YES;
				CLANG_ENABLE_OBJC_ARC = YES;
				CLANG_WARN_BOOL_CONVERSION = YES;
				CLANG_WARN_CONSTANT_CONVERSION = YES;
				CLANG_WARN_DIRECT_OBJC_ISA_USAGE = YES_ERROR;
				CLANG_WARN_EMPTY_BODY = YES;
				CLANG_WARN_ENUM_CONVERSION = YES;
				CLANG_WARN_INT_CONVERSION = YES;
				CLANG_WARN_OBJC_ROOT_CLASS = YES_ERROR;
				CLANG_WARN_UNREACHABLE_CODE = YES;
				CLANG_WARN__DUPLICATE_METHOD_MATCH = YES;
				"CODE_SIGN_IDENTITY[sdk=iphoneos*]" = "iPhone Developer";
				COPY_PHASE_STRIP = NO;
				DEBUG_INFORMATION_FORMAT = "dwarf-with-dsym";
				ENABLE_NS_ASSERTIONS = NO;
				ENABLE_STRICT_OBJC_MSGSEND = YES;
				GCC_C_LANGUAGE_STANDARD = gnu99;
				GCC_NO_COMMON_BLOCKS = YES;
				GCC_WARN_64_TO_32_BIT_CONVERSION = YES;
				GCC_WARN_ABOUT_RETURN_TYPE = YES_ERROR;
				GCC_WARN_UNDECLARED_SELECTOR = YES;
				GCC_WARN_UNINITIALIZED_AUTOS = YES_AGGRESSIVE;
				GCC_WARN_UNUSED_FUNCTION = YES;
				GCC_WARN_UNUSED_VARIABLE = YES;
				IPHONEOS_DEPLOYMENT_TARGET = 9.0;
				MTL_ENABLE_DEBUG_INFO = NO;
				SDKROOT = iphoneos;
				VALIDATE_PRODUCT = YES;
			};
			name = Release;
		};
		E02623041BC7059700F51766 /* Debug */ = {
			isa = XCBuildConfiguration;
			buildSettings = {
				ASSETCATALOG_COMPILER_APPICON_NAME = AppIcon;
				INFOPLIST_FILE = Farkle/Info.plist;
				LD_RUNPATH_SEARCH_PATHS = "$(inherited) @executable_path/Frameworks";
				PRODUCT_BUNDLE_IDENTIFIER = danielbarrido.Farkle;
				PRODUCT_NAME = "$(TARGET_NAME)";
			};
			name = Debug;
		};
		E02623051BC7059700F51766 /* Release */ = {
			isa = XCBuildConfiguration;
			buildSettings = {
				ASSETCATALOG_COMPILER_APPICON_NAME = AppIcon;
				INFOPLIST_FILE = Farkle/Info.plist;
				LD_RUNPATH_SEARCH_PATHS = "$(inherited) @executable_path/Frameworks";
				PRODUCT_BUNDLE_IDENTIFIER = danielbarrido.Farkle;
				PRODUCT_NAME = "$(TARGET_NAME)";
			};
			name = Release;
		};
/* End XCBuildConfiguration section */

/* Begin XCConfigurationList section */
		E02622E71BC7059700F51766 /* Build configuration list for PBXProject "Farkle" */ = {
			isa = XCConfigurationList;
			buildConfigurations = (
				E02623011BC7059700F51766 /* Debug */,
				E02623021BC7059700F51766 /* Release */,
			);
			defaultConfigurationIsVisible = 0;
			defaultConfigurationName = Release;
		};
		E02623031BC7059700F51766 /* Build configuration list for PBXNativeTarget "Farkle" */ = {
			isa = XCConfigurationList;
			buildConfigurations = (
				E02623041BC7059700F51766 /* Debug */,
				E02623051BC7059700F51766 /* Release */,
			);
			defaultConfigurationIsVisible = 0;
		};
/* End XCConfigurationList section */
	};
	rootObject = E02622E41BC7059700F51766 /* Project object */;
}
